<?xml version="1.0" encoding="UTF-8"?>
<Scheme
   LastUpgradeVersion = "0450"
   version = "1.3">
   <BuildAction
      parallelizeBuildables = "YES"
      buildImplicitDependencies = "YES">
      <BuildActionEntries>
         <BuildActionEntry
            buildForTesting = "YES"
            buildForRunning = "YES"
            buildForProfiling = "YES"
            buildForArchiving = "YES"
            buildForAnalyzing = "YES">
            <BuildableReference
               BuildableIdentifier = "primary"
               BlueprintIdentifier = "8DD76F960486AA7600D96B5E"
               BuildableName = "ETDocGenerator"
               BlueprintName = "ETDocGenerator"
               ReferencedContainer = "container:ETDocGenerator.xcodeproj">
            </BuildableReference>
         </BuildActionEntry>
      </BuildActionEntries>
   </BuildAction>
   <TestAction
      selectedDebuggerIdentifier = "Xcode.DebuggerFoundation.Debugger.LLDB"
      selectedLauncherIdentifier = "Xcode.DebuggerFoundation.Launcher.LLDB"
      shouldUseLaunchSchemeArgsEnv = "YES"
      buildConfiguration = "Debug">
      <Testables>
      </Testables>
      <MacroExpansion>
         <BuildableReference
            BuildableIdentifier = "primary"
            BlueprintIdentifier = "8DD76F960486AA7600D96B5E"
            BuildableName = "ETDocGenerator"
            BlueprintName = "ETDocGenerator"
            ReferencedContainer = "container:ETDocGenerator.xcodeproj">
         </BuildableReference>
      </MacroExpansion>
   </TestAction>
   <LaunchAction
      selectedDebuggerIdentifier = "Xcode.DebuggerFoundation.Debugger.LLDB"
      selectedLauncherIdentifier = "Xcode.DebuggerFoundation.Launcher.LLDB"
      launchStyle = "0"
      useCustomWorkingDirectory = "YES"
      customWorkingDirectory = "$(PROJECT_DIR)/Documentation"
      buildConfiguration = "Debug"
      ignoresPersistentStateOnLaunch = "NO"
      debugDocumentVersioning = "YES"
      allowLocationSimulation = "YES">
      <BuildableProductRunnable>
         <BuildableReference
            BuildableIdentifier = "primary"
            BlueprintIdentifier = "8DD76F960486AA7600D96B5E"
            BuildableName = "ETDocGenerator"
            BlueprintName = "ETDocGenerator"
            ReferencedContainer = "container:ETDocGenerator.xcodeproj">
         </BuildableReference>
      </BuildableProductRunnable>
      <CommandLineArguments>
         <CommandLineArgument
            argument = "-t ../Templates/etoile-documentation-template.html"
            isEnabled = "YES">
         </CommandLineArgument>
         <CommandLineArgument
            argument = "-e ../TestFiles/class-mapping.plist"
            isEnabled = "YES">
         </CommandLineArgument>
         <CommandLineArgument
            argument = "-p ../TestFiles/project-class-mapping.plist "
            isEnabled = "YES">
         </CommandLineArgument>
         <CommandLineArgument
            argument = "-m ../Templates/menu.html"
            isEnabled = "YES">
         </CommandLineArgument>
         <CommandLineArgument
            argument = "-i ../TestFiles/GSDoc"
            isEnabled = "NO">
         </CommandLineArgument>
         <CommandLineArgument
            argument = "-c ../TestFiles/GSDoc"
            isEnabled = "YES">
         </CommandLineArgument>
         <CommandLineArgument
            argument = "-r ../TestFiles/Markdown/HTMLOutput"
            isEnabled = "YES">
         </CommandLineArgument>
         <CommandLineArgument
            argument = "-n DocGenerator"
            isEnabled = "YES">
         </CommandLineArgument>
         <CommandLineArgument
            argument = "../README"
            isEnabled = "YES">
         </CommandLineArgument>
         <CommandLineArgument
            argument = "../INSTALL"
            isEnabled = "YES">
         </CommandLineArgument>
         <CommandLineArgument
            argument = "../NEWS"
            isEnabled = "YES">
         </CommandLineArgument>
         <CommandLineArgument
            argument = "../TestFiles/GSDoc/ETDocGenerator.gsdoc"
            isEnabled = "NO">
         </CommandLineArgument>
      </CommandLineArguments>
      <AdditionalOptions>
      </AdditionalOptions>
   </LaunchAction>
   <ProfileAction
      shouldUseLaunchSchemeArgsEnv = "YES"
      savedToolIdentifier = ""
      useCustomWorkingDirectory = "NO"
      buildConfiguration = "Release"
      debugDocumentVersioning = "YES">
      <BuildableProductRunnable>
         <BuildableReference
            BuildableIdentifier = "primary"
            BlueprintIdentifier = "8DD76F960486AA7600D96B5E"
            BuildableName = "ETDocGenerator"
            BlueprintName = "ETDocGenerator"
            ReferencedContainer = "container:ETDocGenerator.xcodeproj">
         </BuildableReference>
      </BuildableProductRunnable>
   </ProfileAction>
   <AnalyzeAction
      buildConfiguration = "Debug">
   </AnalyzeAction>
   <ArchiveAction
      buildConfiguration = "Release"
      revealArchiveInOrganizer = "YES">
   </ArchiveAction>
</Scheme>
