// !$*UTF8*$!
{
	archiveVersion = 1;
	classes = {
	};
	objectVersion = 46;
	objects = {

/* Begin PBXBuildFile section */
		0362712C0E00919B005D79FE /* DocDescriptionParser.m in Sources */ = {isa = PBXBuildFile; fileRef = 0362712B0E00919B005D79FE /* DocDescriptionParser.m */; };
		036271930E00B263005D79FE /* DocParameter.m in Sources */ = {isa = PBXBuildFile; fileRef = 036271920E00B263005D79FE /* DocParameter.m */; };
		0362732D0E048FD3005D79FE /* DocElement.m in Sources */ = {isa = PBXBuildFile; fileRef = 0362732C0E048FD3005D79FE /* DocElement.m */; };
		03FF75330DF9EFED007D79D3 /* DocHeader.m in Sources */ = {isa = PBXBuildFile; fileRef = 03FF75320DF9EFED007D79D3 /* DocHeader.m */; };
		03FF75360DF9F159007D79D3 /* DocHTMLElement.m in Sources */ = {isa = PBXBuildFile; fileRef = 03FF75350DF9F159007D79D3 /* DocHTMLElement.m */; };
		03FF75DE0DFAAFEB007D79D3 /* DocMethod.m in Sources */ = {isa = PBXBuildFile; fileRef = 03FF75DD0DFAAFEB007D79D3 /* DocMethod.m */; };
		03FF77480DFB1D21007D79D3 /* GSDocParser.m in Sources */ = {isa = PBXBuildFile; fileRef = 03FF77470DFB1D21007D79D3 /* GSDocParser.m */; };
		03FF78E50DFB75C9007D79D3 /* DocFunction.m in Sources */ = {isa = PBXBuildFile; fileRef = 03FF78E40DFB75C9007D79D3 /* DocFunction.m */; };
		03FF79AF0DFCA7B4007D79D3 /* DocPage.m in Sources */ = {isa = PBXBuildFile; fileRef = 03FF79AE0DFCA7B4007D79D3 /* DocPage.m */; };
		6012E32616FB723500A0335D /* EtoileFoundation.framework in Frameworks */ = {isa = PBXBuildFile; fileRef = 6012E31B16FB722800A0335D /* EtoileFoundation.framework */; };
		601A56A412E89AB100727DAA /* DocCategoryPage.m in Sources */ = {isa = PBXBuildFile; fileRef = 601A56A212E89AB100727DAA /* DocCategoryPage.m */; };
		602363D6128B3E6600C9EC82 /* DocPageWeaver.m in Sources */ = {isa = PBXBuildFile; fileRef = 602363D5128B3E6600C9EC82 /* DocPageWeaver.m */; };
		602EA7E2171407CC00D499A9 /* DocGraphWriter.m in Sources */ = {isa = PBXBuildFile; fileRef = 602EA7E1171407CC00D499A9 /* DocGraphWriter.m */; };
		606D338D12946F1500AA7554 /* DocIndex.m in Sources */ = {isa = PBXBuildFile; fileRef = 606D338C12946F1500AA7554 /* DocIndex.m */; };
		608A56ED12C61ED7007CD303 /* DocDeclarationReorderer.m in Sources */ = {isa = PBXBuildFile; fileRef = 608A56EC12C61ED7007CD303 /* DocDeclarationReorderer.m */; };
		609CFEC917005B1200D01AAB /* SourceCodeKit.framework in Frameworks */ = {isa = PBXBuildFile; fileRef = 609CFEC817005AF900D01AAB /* SourceCodeKit.framework */; };
		60AF049E12B788F800BAF537 /* DocMacro.m in Sources */ = {isa = PBXBuildFile; fileRef = 60AF049B12B788F800BAF537 /* DocMacro.m */; };
		60AF049F12B788F800BAF537 /* DocTOCPage.m in Sources */ = {isa = PBXBuildFile; fileRef = 60AF049D12B788F800BAF537 /* DocTOCPage.m */; };
		60F7F14412AF91970031E9F1 /* DocCDataType.m in Sources */ = {isa = PBXBuildFile; fileRef = 60F7F14312AF91970031E9F1 /* DocCDataType.m */; };
		8DD76F9A0486AA7600D96B5E /* etdocgen.m in Sources */ = {isa = PBXBuildFile; fileRef = 08FB7796FE84155DC02AAC07 /* etdocgen.m */; settings = {ATTRIBUTES = (); }; };
		8DD76F9C0486AA7600D96B5E /* Foundation.framework in Frameworks */ = {isa = PBXBuildFile; fileRef = 08FB779EFE84155DC02AAC07 /* Foundation.framework */; };
		A50064261721640300759754 /* DocSourceCodeParser.m in Sources */ = {isa = PBXBuildFile; fileRef = A50064251721640300759754 /* DocSourceCodeParser.m */; };
/* End PBXBuildFile section */

/* Begin PBXContainerItemProxy section */
		6012E31816FB722800A0335D /* PBXContainerItemProxy */ = {
			isa = PBXContainerItemProxy;
			containerPortal = 6012E30916FB722800A0335D /* EtoileFoundation.xcodeproj */;
			proxyType = 2;
			remoteGlobalIDString = 60073EAD10074D26007272E6;
			remoteInfo = EtoileXML;
		};
		6012E31A16FB722800A0335D /* PBXContainerItemProxy */ = {
			isa = PBXContainerItemProxy;
			containerPortal = 6012E30916FB722800A0335D /* EtoileFoundation.xcodeproj */;
			proxyType = 2;
			remoteGlobalIDString = 603647AC0E409244003377E0;
			remoteInfo = EtoileFoundation;
		};
		6012E31C16FB722800A0335D /* PBXContainerItemProxy */ = {
			isa = PBXContainerItemProxy;
			containerPortal = 6012E30916FB722800A0335D /* EtoileFoundation.xcodeproj */;
			proxyType = 2;
			remoteGlobalIDString = 609B66D70FEE80CE0007F842;
			remoteInfo = TestEtoileFoundation;
		};
		6012E31E16FB722800A0335D /* PBXContainerItemProxy */ = {
			isa = PBXContainerItemProxy;
			containerPortal = 6012E30916FB722800A0335D /* EtoileFoundation.xcodeproj */;
			proxyType = 2;
			remoteGlobalIDString = 6072CF691360E144003256C5;
			remoteInfo = PlugInExample;
		};
		6012E32716FB724100A0335D /* PBXContainerItemProxy */ = {
			isa = PBXContainerItemProxy;
			containerPortal = 6012E30916FB722800A0335D /* EtoileFoundation.xcodeproj */;
			proxyType = 1;
			remoteGlobalIDString = 603647AB0E409244003377E0;
			remoteInfo = EtoileFoundation;
		};
		601C525817253DF6002E55C6 /* PBXContainerItemProxy */ = {
			isa = PBXContainerItemProxy;
			containerPortal = 609CFEBF17005AF900D01AAB /* SourceCodeKit.xcodeproj */;
			proxyType = 2;
			remoteGlobalIDString = 601C522817253CDC002E55C6;
			remoteInfo = TestSourceCodeKit;
		};
		609CFEC717005AF900D01AAB /* PBXContainerItemProxy */ = {
			isa = PBXContainerItemProxy;
			containerPortal = 609CFEBF17005AF900D01AAB /* SourceCodeKit.xcodeproj */;
			proxyType = 2;
			remoteGlobalIDString = 609CFDB516FFD31700D01AAB;
			remoteInfo = SourceCodeKit;
		};
		609CFECA17005B1D00D01AAB /* PBXContainerItemProxy */ = {
			isa = PBXContainerItemProxy;
			containerPortal = 609CFEBF17005AF900D01AAB /* SourceCodeKit.xcodeproj */;
			proxyType = 1;
			remoteGlobalIDString = 609CFDB416FFD31700D01AAB;
			remoteInfo = SourceCodeKit;
		};
/* End PBXContainerItemProxy section */

/* Begin PBXCopyFilesBuildPhase section */
		8DD76F9E0486AA7600D96B5E /* CopyFiles */ = {
			isa = PBXCopyFilesBuildPhase;
			buildActionMask = 8;
			dstPath = /usr/share/man/man1/;
			dstSubfolderSpec = 0;
			files = (
			);
			runOnlyForDeploymentPostprocessing = 1;
		};
/* End PBXCopyFilesBuildPhase section */

/* Begin PBXFileReference section */
		0362712A0E00919B005D79FE /* DocDescriptionParser.h */ = {isa = PBXFileReference; fileEncoding = 4; lastKnownFileType = sourcecode.c.h; path = DocDescriptionParser.h; sourceTree = "<group>"; };
		0362712B0E00919B005D79FE /* DocDescriptionParser.m */ = {isa = PBXFileReference; fileEncoding = 4; lastKnownFileType = sourcecode.c.objc; lineEnding = 0; path = DocDescriptionParser.m; sourceTree = "<group>"; xcLanguageSpecificationIdentifier = xcode.lang.objc; };
		036271910E00B263005D79FE /* DocParameter.h */ = {isa = PBXFileReference; fileEncoding = 4; lastKnownFileType = sourcecode.c.h; path = DocParameter.h; sourceTree = "<group>"; };
		036271920E00B263005D79FE /* DocParameter.m */ = {isa = PBXFileReference; fileEncoding = 4; lastKnownFileType = sourcecode.c.objc; path = DocParameter.m; sourceTree = "<group>"; };
		0362732B0E048FD3005D79FE /* DocElement.h */ = {isa = PBXFileReference; fileEncoding = 4; lastKnownFileType = sourcecode.c.h; path = DocElement.h; sourceTree = "<group>"; };
		0362732C0E048FD3005D79FE /* DocElement.m */ = {isa = PBXFileReference; fileEncoding = 4; lastKnownFileType = sourcecode.c.objc; lineEnding = 0; path = DocElement.m; sourceTree = "<group>"; xcLanguageSpecificationIdentifier = xcode.lang.objc; };
		03FF75310DF9EFED007D79D3 /* DocHeader.h */ = {isa = PBXFileReference; fileEncoding = 4; lastKnownFileType = sourcecode.c.h; path = DocHeader.h; sourceTree = "<group>"; };
		03FF75320DF9EFED007D79D3 /* DocHeader.m */ = {isa = PBXFileReference; fileEncoding = 4; lastKnownFileType = sourcecode.c.objc; path = DocHeader.m; sourceTree = "<group>"; };
		03FF75340DF9F159007D79D3 /* DocHTMLElement.h */ = {isa = PBXFileReference; fileEncoding = 4; lastKnownFileType = sourcecode.c.h; path = DocHTMLElement.h; sourceTree = "<group>"; };
		03FF75350DF9F159007D79D3 /* DocHTMLElement.m */ = {isa = PBXFileReference; fileEncoding = 4; lastKnownFileType = sourcecode.c.objc; path = DocHTMLElement.m; sourceTree = "<group>"; };
		03FF75DC0DFAAFEB007D79D3 /* DocMethod.h */ = {isa = PBXFileReference; fileEncoding = 4; lastKnownFileType = sourcecode.c.h; path = DocMethod.h; sourceTree = "<group>"; };
		03FF75DD0DFAAFEB007D79D3 /* DocMethod.m */ = {isa = PBXFileReference; fileEncoding = 4; lastKnownFileType = sourcecode.c.objc; path = DocMethod.m; sourceTree = "<group>"; };
		03FF77460DFB1D21007D79D3 /* GSDocParser.h */ = {isa = PBXFileReference; fileEncoding = 4; lastKnownFileType = sourcecode.c.h; path = GSDocParser.h; sourceTree = "<group>"; };
		03FF77470DFB1D21007D79D3 /* GSDocParser.m */ = {isa = PBXFileReference; fileEncoding = 4; lastKnownFileType = sourcecode.c.objc; path = GSDocParser.m; sourceTree = "<group>"; };
		03FF78E30DFB75C9007D79D3 /* DocFunction.h */ = {isa = PBXFileReference; fileEncoding = 4; lastKnownFileType = sourcecode.c.h; path = DocFunction.h; sourceTree = "<group>"; };
		03FF78E40DFB75C9007D79D3 /* DocFunction.m */ = {isa = PBXFileReference; fileEncoding = 4; lastKnownFileType = sourcecode.c.objc; path = DocFunction.m; sourceTree = "<group>"; };
		03FF79AD0DFCA7B4007D79D3 /* DocPage.h */ = {isa = PBXFileReference; fileEncoding = 4; lastKnownFileType = sourcecode.c.h; path = DocPage.h; sourceTree = "<group>"; };
		03FF79AE0DFCA7B4007D79D3 /* DocPage.m */ = {isa = PBXFileReference; fileEncoding = 4; lastKnownFileType = sourcecode.c.objc; path = DocPage.m; sourceTree = "<group>"; };
		08FB7796FE84155DC02AAC07 /* etdocgen.m */ = {isa = PBXFileReference; fileEncoding = 4; lastKnownFileType = sourcecode.c.objc; path = etdocgen.m; sourceTree = "<group>"; };
		08FB779EFE84155DC02AAC07 /* Foundation.framework */ = {isa = PBXFileReference; lastKnownFileType = wrapper.framework; name = Foundation.framework; path = /System/Library/Frameworks/Foundation.framework; sourceTree = "<absolute>"; };
		6012E30916FB722800A0335D /* EtoileFoundation.xcodeproj */ = {isa = PBXFileReference; lastKnownFileType = "wrapper.pb-project"; name = EtoileFoundation.xcodeproj; path = ../../../Frameworks/EtoileFoundation/EtoileFoundation.xcodeproj; sourceTree = "<group>"; };
		6012E32916FB759500A0335D /* INSTALL */ = {isa = PBXFileReference; lastKnownFileType = text; path = INSTALL; sourceTree = "<group>"; };
		6012E32A16FB759500A0335D /* NEWS */ = {isa = PBXFileReference; lastKnownFileType = text; path = NEWS; sourceTree = "<group>"; };
		6012E32B16FB759600A0335D /* README */ = {isa = PBXFileReference; lastKnownFileType = text; path = README; sourceTree = "<group>"; };
		6012E32C16FB7DFD00A0335D /* SYNTAX */ = {isa = PBXFileReference; lastKnownFileType = text; path = SYNTAX; sourceTree = "<group>"; };
		601A56A212E89AB100727DAA /* DocCategoryPage.m */ = {isa = PBXFileReference; fileEncoding = 4; lastKnownFileType = sourcecode.c.objc; path = DocCategoryPage.m; sourceTree = "<group>"; };
		601A56A312E89AB100727DAA /* DocCategoryPage.h */ = {isa = PBXFileReference; fileEncoding = 4; lastKnownFileType = sourcecode.c.h; path = DocCategoryPage.h; sourceTree = "<group>"; };
		602363D4128B3E6600C9EC82 /* DocPageWeaver.h */ = {isa = PBXFileReference; fileEncoding = 4; lastKnownFileType = sourcecode.c.h; path = DocPageWeaver.h; sourceTree = "<group>"; };
		602363D5128B3E6600C9EC82 /* DocPageWeaver.m */ = {isa = PBXFileReference; fileEncoding = 4; lastKnownFileType = sourcecode.c.objc; path = DocPageWeaver.m; sourceTree = "<group>"; };
		602EA7E0171407CB00D499A9 /* DocGraphWriter.h */ = {isa = PBXFileReference; fileEncoding = 4; lastKnownFileType = sourcecode.c.h; path = DocGraphWriter.h; sourceTree = "<group>"; };
		602EA7E1171407CC00D499A9 /* DocGraphWriter.m */ = {isa = PBXFileReference; fileEncoding = 4; lastKnownFileType = sourcecode.c.objc; path = DocGraphWriter.m; sourceTree = "<group>"; };
		606D338B12946F1500AA7554 /* DocIndex.h */ = {isa = PBXFileReference; fileEncoding = 4; lastKnownFileType = sourcecode.c.h; path = DocIndex.h; sourceTree = "<group>"; };
		606D338C12946F1500AA7554 /* DocIndex.m */ = {isa = PBXFileReference; fileEncoding = 4; lastKnownFileType = sourcecode.c.objc; path = DocIndex.m; sourceTree = "<group>"; };
		608A56EB12C61ED7007CD303 /* DocDeclarationReorderer.h */ = {isa = PBXFileReference; fileEncoding = 4; lastKnownFileType = sourcecode.c.h; path = DocDeclarationReorderer.h; sourceTree = "<group>"; };
		608A56EC12C61ED7007CD303 /* DocDeclarationReorderer.m */ = {isa = PBXFileReference; fileEncoding = 4; lastKnownFileType = sourcecode.c.objc; lineEnding = 0; path = DocDeclarationReorderer.m; sourceTree = "<group>"; xcLanguageSpecificationIdentifier = xcode.lang.objc; };
		609CFEBF17005AF900D01AAB /* SourceCodeKit.xcodeproj */ = {isa = PBXFileReference; lastKnownFileType = "wrapper.pb-project"; name = SourceCodeKit.xcodeproj; path = ../../../Languages/SourceCodeKit/SourceCodeKit.xcodeproj; sourceTree = "<group>"; };
		60AF049A12B788F800BAF537 /* DocMacro.h */ = {isa = PBXFileReference; fileEncoding = 4; lastKnownFileType = sourcecode.c.h; path = DocMacro.h; sourceTree = "<group>"; };
		60AF049B12B788F800BAF537 /* DocMacro.m */ = {isa = PBXFileReference; fileEncoding = 4; lastKnownFileType = sourcecode.c.objc; path = DocMacro.m; sourceTree = "<group>"; };
		60AF049C12B788F800BAF537 /* DocTOCPage.h */ = {isa = PBXFileReference; fileEncoding = 4; lastKnownFileType = sourcecode.c.h; path = DocTOCPage.h; sourceTree = "<group>"; };
		60AF049D12B788F800BAF537 /* DocTOCPage.m */ = {isa = PBXFileReference; fileEncoding = 4; lastKnownFileType = sourcecode.c.objc; path = DocTOCPage.m; sourceTree = "<group>"; };
		60F7F14212AF91970031E9F1 /* DocCDataType.h */ = {isa = PBXFileReference; fileEncoding = 4; lastKnownFileType = sourcecode.c.h; path = DocCDataType.h; sourceTree = "<group>"; };
		60F7F14312AF91970031E9F1 /* DocCDataType.m */ = {isa = PBXFileReference; fileEncoding = 4; lastKnownFileType = sourcecode.c.objc; lineEnding = 0; path = DocCDataType.m; sourceTree = "<group>"; xcLanguageSpecificationIdentifier = xcode.lang.objc; };
		8DD76FA10486AA7600D96B5E /* etdocgen */ = {isa = PBXFileReference; explicitFileType = "compiled.mach-o.executable"; includeInIndex = 0; path = etdocgen; sourceTree = BUILT_PRODUCTS_DIR; };
		A50064241721640300759754 /* DocSourceCodeParser.h */ = {isa = PBXFileReference; fileEncoding = 4; lastKnownFileType = sourcecode.c.h; path = DocSourceCodeParser.h; sourceTree = "<group>"; };
		A50064251721640300759754 /* DocSourceCodeParser.m */ = {isa = PBXFileReference; fileEncoding = 4; lastKnownFileType = sourcecode.c.objc; path = DocSourceCodeParser.m; sourceTree = "<group>"; };
/* End PBXFileReference section */

/* Begin PBXFrameworksBuildPhase section */
		8DD76F9B0486AA7600D96B5E /* Frameworks */ = {
			isa = PBXFrameworksBuildPhase;
			buildActionMask = 2147483647;
			files = (
				6012E32616FB723500A0335D /* EtoileFoundation.framework in Frameworks */,
				609CFEC917005B1200D01AAB /* SourceCodeKit.framework in Frameworks */,
				8DD76F9C0486AA7600D96B5E /* Foundation.framework in Frameworks */,
			);
			runOnlyForDeploymentPostprocessing = 0;
		};
/* End PBXFrameworksBuildPhase section */

/* Begin PBXGroup section */
		08FB7794FE84155DC02AAC07 /* ETDocGenerator */ = {
			isa = PBXGroup;
			children = (
				6012E32B16FB759600A0335D /* README */,
				6012E32916FB759500A0335D /* INSTALL */,
				6012E32A16FB759500A0335D /* NEWS */,
				6012E32C16FB7DFD00A0335D /* SYNTAX */,
				08FB7795FE84155DC02AAC07 /* Source */,
				08FB779DFE84155DC02AAC07 /* External Frameworks and Libraries */,
				1AB674ADFE9D54B511CA2CBB /* Products */,
			);
			name = ETDocGenerator;
			sourceTree = "<group>";
		};
		08FB7795FE84155DC02AAC07 /* Source */ = {
			isa = PBXGroup;
			children = (
				08FB7796FE84155DC02AAC07 /* etdocgen.m */,
				602363D4128B3E6600C9EC82 /* DocPageWeaver.h */,
				602363D5128B3E6600C9EC82 /* DocPageWeaver.m */,
				608A56EB12C61ED7007CD303 /* DocDeclarationReorderer.h */,
				608A56EC12C61ED7007CD303 /* DocDeclarationReorderer.m */,
				03FF79AD0DFCA7B4007D79D3 /* DocPage.h */,
				03FF79AE0DFCA7B4007D79D3 /* DocPage.m */,
				60AF049C12B788F800BAF537 /* DocTOCPage.h */,
				60AF049D12B788F800BAF537 /* DocTOCPage.m */,
				601A56A312E89AB100727DAA /* DocCategoryPage.h */,
				601A56A212E89AB100727DAA /* DocCategoryPage.m */,
				0362732B0E048FD3005D79FE /* DocElement.h */,
				0362732C0E048FD3005D79FE /* DocElement.m */,
				60F7F14212AF91970031E9F1 /* DocCDataType.h */,
				60F7F14312AF91970031E9F1 /* DocCDataType.m */,
				03FF75310DF9EFED007D79D3 /* DocHeader.h */,
				03FF75320DF9EFED007D79D3 /* DocHeader.m */,
				03FF75DC0DFAAFEB007D79D3 /* DocMethod.h */,
				03FF75DD0DFAAFEB007D79D3 /* DocMethod.m */,
				03FF78E30DFB75C9007D79D3 /* DocFunction.h */,
				03FF78E40DFB75C9007D79D3 /* DocFunction.m */,
				60AF049A12B788F800BAF537 /* DocMacro.h */,
				60AF049B12B788F800BAF537 /* DocMacro.m */,
				036271910E00B263005D79FE /* DocParameter.h */,
				036271920E00B263005D79FE /* DocParameter.m */,
				03FF77460DFB1D21007D79D3 /* GSDocParser.h */,
				03FF77470DFB1D21007D79D3 /* GSDocParser.m */,
				0362712A0E00919B005D79FE /* DocDescriptionParser.h */,
				0362712B0E00919B005D79FE /* DocDescriptionParser.m */,
				03FF75340DF9F159007D79D3 /* DocHTMLElement.h */,
				03FF75350DF9F159007D79D3 /* DocHTMLElement.m */,
				606D338B12946F1500AA7554 /* DocIndex.h */,
				606D338C12946F1500AA7554 /* DocIndex.m */,
				602EA7E0171407CB00D499A9 /* DocGraphWriter.h */,
				602EA7E1171407CC00D499A9 /* DocGraphWriter.m */,
				A50064241721640300759754 /* DocSourceCodeParser.h */,
				A50064251721640300759754 /* DocSourceCodeParser.m */,
			);
			name = Source;
			sourceTree = "<group>";
		};
		08FB779DFE84155DC02AAC07 /* External Frameworks and Libraries */ = {
			isa = PBXGroup;
			children = (
				6012E30916FB722800A0335D /* EtoileFoundation.xcodeproj */,
				609CFEBF17005AF900D01AAB /* SourceCodeKit.xcodeproj */,
				08FB779EFE84155DC02AAC07 /* Foundation.framework */,
			);
			name = "External Frameworks and Libraries";
			sourceTree = "<group>";
		};
		1AB674ADFE9D54B511CA2CBB /* Products */ = {
			isa = PBXGroup;
			children = (
				8DD76FA10486AA7600D96B5E /* etdocgen */,
			);
			name = Products;
			sourceTree = "<group>";
		};
		6012E30A16FB722800A0335D /* Products */ = {
			isa = PBXGroup;
			children = (
				6012E31916FB722800A0335D /* EtoileXML.framework */,
				6012E31B16FB722800A0335D /* EtoileFoundation.framework */,
				6012E31D16FB722800A0335D /* TestEtoileFoundation.bundle */,
				6012E31F16FB722800A0335D /* PlugInExample.plugin */,
			);
			name = Products;
			sourceTree = "<group>";
		};
		609CFEC017005AF900D01AAB /* Products */ = {
			isa = PBXGroup;
			children = (
				609CFEC817005AF900D01AAB /* SourceCodeKit.framework */,
				601C525917253DF6002E55C6 /* TestSourceCodeKit.bundle */,
			);
			name = Products;
			sourceTree = "<group>";
		};
/* End PBXGroup section */

/* Begin PBXNativeTarget section */
		8DD76F960486AA7600D96B5E /* etdocgen */ = {
			isa = PBXNativeTarget;
			buildConfigurationList = 1DEB927408733DD40010E9CD /* Build configuration list for PBXNativeTarget "etdocgen" */;
			buildPhases = (
				601C52BB172595F7002E55C6 /* ShellScript */,
				8DD76F990486AA7600D96B5E /* Sources */,
				8DD76F9B0486AA7600D96B5E /* Frameworks */,
				8DD76F9E0486AA7600D96B5E /* CopyFiles */,
			);
			buildRules = (
			);
			dependencies = (
				609CFECB17005B1D00D01AAB /* PBXTargetDependency */,
				6012E32816FB724100A0335D /* PBXTargetDependency */,
			);
			name = etdocgen;
			productInstallPath = "$(HOME)/bin";
			productName = ETDocGenerator;
			productReference = 8DD76FA10486AA7600D96B5E /* etdocgen */;
			productType = "com.apple.product-type.tool";
		};
/* End PBXNativeTarget section */

/* Begin PBXProject section */
		08FB7793FE84155DC02AAC07 /* Project object */ = {
			isa = PBXProject;
			attributes = {
				LastUpgradeCheck = 0450;
			};
			buildConfigurationList = 1DEB927808733DD40010E9CD /* Build configuration list for PBXProject "DocGenerator" */;
			compatibilityVersion = "Xcode 3.2";
			developmentRegion = English;
			hasScannedForEncodings = 1;
			knownRegions = (
				English,
				Japanese,
				French,
				German,
			);
			mainGroup = 08FB7794FE84155DC02AAC07 /* ETDocGenerator */;
			projectDirPath = "";
			projectReferences = (
				{
					ProductGroup = 6012E30A16FB722800A0335D /* Products */;
					ProjectRef = 6012E30916FB722800A0335D /* EtoileFoundation.xcodeproj */;
				},
				{
					ProductGroup = 609CFEC017005AF900D01AAB /* Products */;
					ProjectRef = 609CFEBF17005AF900D01AAB /* SourceCodeKit.xcodeproj */;
				},
			);
			projectRoot = "";
			targets = (
				8DD76F960486AA7600D96B5E /* etdocgen */,
			);
		};
/* End PBXProject section */

/* Begin PBXReferenceProxy section */
		6012E31916FB722800A0335D /* EtoileXML.framework */ = {
			isa = PBXReferenceProxy;
			fileType = wrapper.framework;
			path = EtoileXML.framework;
			remoteRef = 6012E31816FB722800A0335D /* PBXContainerItemProxy */;
			sourceTree = BUILT_PRODUCTS_DIR;
		};
		6012E31B16FB722800A0335D /* EtoileFoundation.framework */ = {
			isa = PBXReferenceProxy;
			fileType = wrapper.framework;
			path = EtoileFoundation.framework;
			remoteRef = 6012E31A16FB722800A0335D /* PBXContainerItemProxy */;
			sourceTree = BUILT_PRODUCTS_DIR;
		};
		6012E31D16FB722800A0335D /* TestEtoileFoundation.bundle */ = {
			isa = PBXReferenceProxy;
			fileType = wrapper.cfbundle;
			path = TestEtoileFoundation.bundle;
			remoteRef = 6012E31C16FB722800A0335D /* PBXContainerItemProxy */;
			sourceTree = BUILT_PRODUCTS_DIR;
		};
		6012E31F16FB722800A0335D /* PlugInExample.plugin */ = {
			isa = PBXReferenceProxy;
			fileType = wrapper.cfbundle;
			path = PlugInExample.plugin;
			remoteRef = 6012E31E16FB722800A0335D /* PBXContainerItemProxy */;
			sourceTree = BUILT_PRODUCTS_DIR;
		};
		601C525917253DF6002E55C6 /* TestSourceCodeKit.bundle */ = {
			isa = PBXReferenceProxy;
			fileType = wrapper.cfbundle;
			path = TestSourceCodeKit.bundle;
			remoteRef = 601C525817253DF6002E55C6 /* PBXContainerItemProxy */;
			sourceTree = BUILT_PRODUCTS_DIR;
		};
		609CFEC817005AF900D01AAB /* SourceCodeKit.framework */ = {
			isa = PBXReferenceProxy;
			fileType = wrapper.framework;
			path = SourceCodeKit.framework;
			remoteRef = 609CFEC717005AF900D01AAB /* PBXContainerItemProxy */;
			sourceTree = BUILT_PRODUCTS_DIR;
		};
/* End PBXReferenceProxy section */

/* Begin PBXShellScriptBuildPhase section */
		601C52BB172595F7002E55C6 /* ShellScript */ = {
			isa = PBXShellScriptBuildPhase;
			buildActionMask = 2147483647;
			files = (
			);
			inputPaths = (
				"",
			);
			outputPaths = (
			);
			runOnlyForDeploymentPostprocessing = 0;
			shellPath = /bin/sh;
			shellScript = "echo \"Removing previous documentation output in ${PROJECT_DIR}/Documentation\"\nrm -f ${PROJECT_DIR}/Documentation/*.html\nrm -f ${PROJECT_DIR}/Documentation/*.png";
		};
/* End PBXShellScriptBuildPhase section */

/* Begin PBXSourcesBuildPhase section */
		8DD76F990486AA7600D96B5E /* Sources */ = {
			isa = PBXSourcesBuildPhase;
			buildActionMask = 2147483647;
			files = (
				8DD76F9A0486AA7600D96B5E /* etdocgen.m in Sources */,
				03FF75330DF9EFED007D79D3 /* DocHeader.m in Sources */,
				03FF75360DF9F159007D79D3 /* DocHTMLElement.m in Sources */,
				03FF75DE0DFAAFEB007D79D3 /* DocMethod.m in Sources */,
				03FF77480DFB1D21007D79D3 /* GSDocParser.m in Sources */,
				03FF78E50DFB75C9007D79D3 /* DocFunction.m in Sources */,
				03FF79AF0DFCA7B4007D79D3 /* DocPage.m in Sources */,
				0362712C0E00919B005D79FE /* DocDescriptionParser.m in Sources */,
				036271930E00B263005D79FE /* DocParameter.m in Sources */,
				0362732D0E048FD3005D79FE /* DocElement.m in Sources */,
				602363D6128B3E6600C9EC82 /* DocPageWeaver.m in Sources */,
				606D338D12946F1500AA7554 /* DocIndex.m in Sources */,
				60F7F14412AF91970031E9F1 /* DocCDataType.m in Sources */,
				60AF049E12B788F800BAF537 /* DocMacro.m in Sources */,
				60AF049F12B788F800BAF537 /* DocTOCPage.m in Sources */,
				608A56ED12C61ED7007CD303 /* DocDeclarationReorderer.m in Sources */,
				601A56A412E89AB100727DAA /* DocCategoryPage.m in Sources */,
				602EA7E2171407CC00D499A9 /* DocGraphWriter.m in Sources */,
				A50064261721640300759754 /* DocSourceCodeParser.m in Sources */,
			);
			runOnlyForDeploymentPostprocessing = 0;
		};
/* End PBXSourcesBuildPhase section */

/* Begin PBXTargetDependency section */
		6012E32816FB724100A0335D /* PBXTargetDependency */ = {
			isa = PBXTargetDependency;
			name = EtoileFoundation;
			targetProxy = 6012E32716FB724100A0335D /* PBXContainerItemProxy */;
		};
		609CFECB17005B1D00D01AAB /* PBXTargetDependency */ = {
			isa = PBXTargetDependency;
			name = SourceCodeKit;
			targetProxy = 609CFECA17005B1D00D01AAB /* PBXContainerItemProxy */;
		};
/* End PBXTargetDependency section */

/* Begin XCBuildConfiguration section */
		1DEB927508733DD40010E9CD /* Debug */ = {
			isa = XCBuildConfiguration;
			buildSettings = {
				ARCHS = "$(ARCHS_STANDARD_64_BIT)";
				INSTALL_PATH = /usr/local/bin;
				MACOSX_DEPLOYMENT_TARGET = 10.6.8;
				PRODUCT_NAME = etdocgen;
			};
			name = Debug;
		};
		1DEB927608733DD40010E9CD /* Release */ = {
			isa = XCBuildConfiguration;
			buildSettings = {
				ARCHS = "$(ARCHS_STANDARD_64_BIT)";
				INSTALL_PATH = /usr/local/bin;
				MACOSX_DEPLOYMENT_TARGET = 10.6.8;
				PRODUCT_NAME = etdocgen;
			};
			name = Release;
		};
		1DEB927908733DD40010E9CD /* Debug */ = {
			isa = XCBuildConfiguration;
			buildSettings = {
				ARCHS = "$(NATIVE_ARCH_ACTUAL)";
				CLANG_ENABLE_OBJC_ARC = YES;
				CLANG_WARN_OBJCPP_ARC_ABI = YES;
				GCC_C_LANGUAGE_STANDARD = c99;
				GCC_OPTIMIZATION_LEVEL = 0;
				HEADER_SEARCH_PATHS = (
					/usr/local/include,
					/usr/local/include/graphviz,
					/usr/local/graphviz/include,
					/usr/local/graphviz/include/graphviz,
					../../../Languages/SourceCodeKit,
				);
				LIBRARY_SEARCH_PATHS = (
					/usr/local/lib,
					/usr/local/graphviz/lib/graphviz,
				);
				MACOSX_DEPLOYMENT_TARGET = 10.6;
				OTHER_LDFLAGS = (
					"-lcgraph",
					"-lgvc",
				);
				SDKROOT = macosx;
				WARNING_CFLAGS = "-Wall";
			};
			name = Debug;
		};
		1DEB927A08733DD40010E9CD /* Release */ = {
			isa = XCBuildConfiguration;
			buildSettings = {
				ARCHS = "$(ARCHS_STANDARD_32_64_BIT)";
				CLANG_ENABLE_OBJC_ARC = YES;
				CLANG_WARN_OBJCPP_ARC_ABI = YES;
				GCC_C_LANGUAGE_STANDARD = c99;
				HEADER_SEARCH_PATHS = (
					/usr/local/include,
					/usr/local/include/graphviz,
					/usr/local/graphviz/include,
					/usr/local/graphviz/include/graphviz,
					../../../Languages/SourceCodeKit,
				);
				LIBRARY_SEARCH_PATHS = (
					/usr/local/lib,
					/usr/local/graphviz/lib/graphviz,
				);
				MACOSX_DEPLOYMENT_TARGET = 10.6;
				OTHER_LDFLAGS = (
					"-lcgraph",
					"-lgvc",
				);
				SDKROOT = macosx;
				WARNING_CFLAGS = "-Wall";
			};
			name = Release;
		};
/* End XCBuildConfiguration section */

/* Begin XCConfigurationList section */
		1DEB927408733DD40010E9CD /* Build configuration list for PBXNativeTarget "etdocgen" */ = {
			isa = XCConfigurationList;
			buildConfigurations = (
				1DEB927508733DD40010E9CD /* Debug */,
				1DEB927608733DD40010E9CD /* Release */,
			);
			defaultConfigurationIsVisible = 0;
			defaultConfigurationName = Release;
		};
		1DEB927808733DD40010E9CD /* Build configuration list for PBXProject "DocGenerator" */ = {
			isa = XCConfigurationList;
			buildConfigurations = (
				1DEB927908733DD40010E9CD /* Debug */,
				1DEB927A08733DD40010E9CD /* Release */,
			);
			defaultConfigurationIsVisible = 0;
			defaultConfigurationName = Release;
		};
/* End XCConfigurationList section */
	};
	rootObject = 08FB7793FE84155DC02AAC07 /* Project object */;
}
